
Microsoft Visual Studio Solution File, Format Version 12.00
# Visual Studio 15
VisualStudioVersion = 15.0.27004.2002
MinimumVisualStudioVersion = 10.0.40219.1
Project("{FAE04EC0-301F-11D3-BF4B-00C04F79EFBC}") = "classVSinterface", "classVSinterface\classVSinterface.csproj", "{EDC4A760-8ABB-42D7-9ADE-B330555CEEDC}"
EndProject
Global
	GlobalSection(SolutionConfigurationPlatforms) = preSolution
		Debug|Any CPU = Debug|Any CPU
		Release|Any CPU = Release|Any CPU
	EndGlobalSection
	GlobalSection(ProjectConfigurationPlatforms) = postSolution
		{EDC4A760-8ABB-42D7-9ADE-B330555CEEDC}.Debug|Any CPU.ActiveCfg = Debug|Any CPU
		{EDC4A760-8ABB-42D7-9ADE-B330555CEEDC}.Debug|Any CPU.Build.0 = Debug|Any CPU
		{EDC4A760-8ABB-42D7-9ADE-B330555CEEDC}.Release|Any CPU.ActiveCfg = Release|Any CPU
		{EDC4A760-8ABB-42D7-9ADE-B330555CEEDC}.Release|Any CPU.Build.0 = Release|Any CPU
	EndGlobalSection
	GlobalSection(SolutionProperties) = preSolution
		HideSolutionNode = FALSE
	EndGlobalSection
	GlobalSection(ExtensibilityGlobals) = postSolution
		SolutionGuid = {7EF207A0-25AD-4744-9574-64483B677C01}
	EndGlobalSection
EndGlobal
